// !$*UTF8*$!
{
	archiveVersion = 1;
	classes = {
	};
	objectVersion = 50;
	objects = {

/* Begin PBXBuildFile section */
		412B37472222F1720097C75B /* StackStructByLink.c in Sources */ = {isa = PBXBuildFile; fileRef = 412B37462222F1720097C75B /* StackStructByLink.c */; };
/* End PBXBuildFile section */

/* Begin PBXCopyFilesBuildPhase section */
		412B372B22218D940097C75B /* CopyFiles */ = {
			isa = PBXCopyFilesBuildPhase;
			buildActionMask = 2147483647;
			dstPath = /usr/share/man/man1/;
			dstSubfolderSpec = 0;
			files = (
			);
			runOnlyForDeploymentPostprocessing = 1;
		};
/* End PBXCopyFilesBuildPhase section */

/* Begin PBXFileReference section */
		412B372D22218D940097C75B /* DataStructure */ = {isa = PBXFileReference; explicitFileType = "compiled.mach-o.executable"; includeInIndex = 0; path = DataStructure; sourceTree = BUILT_PRODUCTS_DIR; };
		412B373022218D940097C75B /* main.c */ = {isa = PBXFileReference; lastKnownFileType = sourcecode.c.c; path = main.c; sourceTree = "<group>"; };
		412B373B22218F330097C75B /* MaxSum.c */ = {isa = PBXFileReference; lastKnownFileType = sourcecode.c.c; path = MaxSum.c; sourceTree = "<group>"; };
		412B373E222196560097C75B /* LineStuctBySeq.c */ = {isa = PBXFileReference; lastKnownFileType = sourcecode.c.c; path = LineStuctBySeq.c; sourceTree = "<group>"; };
		412B37402222589B0097C75B /* LineStructByLink.c */ = {isa = PBXFileReference; lastKnownFileType = sourcecode.c.c; path = LineStructByLink.c; sourceTree = "<group>"; };
		412B37422222E71C0097C75B /* StackStructBySeq.c */ = {isa = PBXFileReference; lastKnownFileType = sourcecode.c.c; path = StackStructBySeq.c; sourceTree = "<group>"; };
		412B37442222EDF40097C75B /* StackSeqExample1.c */ = {isa = PBXFileReference; lastKnownFileType = sourcecode.c.c; path = StackSeqExample1.c; sourceTree = "<group>"; };
		412B37462222F1720097C75B /* StackStructByLink.c */ = {isa = PBXFileReference; lastKnownFileType = sourcecode.c.c; path = StackStructByLink.c; sourceTree = "<group>"; };
/* End PBXFileReference section */

/* Begin PBXFrameworksBuildPhase section */
		412B372A22218D940097C75B /* Frameworks */ = {
			isa = PBXFrameworksBuildPhase;
			buildActionMask = 2147483647;
			files = (
			);
			runOnlyForDeploymentPostprocessing = 0;
		};
/* End PBXFrameworksBuildPhase section */

/* Begin PBXGroup section */
		412B372422218D940097C75B = {
			isa = PBXGroup;
			children = (
				412B372F22218D940097C75B /* DataStructure */,
				412B372E22218D940097C75B /* Products */,
			);
			sourceTree = "<group>";
		};
		412B372E22218D940097C75B /* Products */ = {
			isa = PBXGroup;
			children = (
				412B372D22218D940097C75B /* DataStructure */,
			);
			name = Products;
			sourceTree = "<group>";
		};
		412B372F22218D940097C75B /* DataStructure */ = {
			isa = PBXGroup;
			children = (
				412B373D2221946B0097C75B /* parameter2 */,
				412B373722218DB20097C75B /* parameter1 */,
				412B373022218D940097C75B /* main.c */,
			);
			path = DataStructure;
			sourceTree = "<group>";
		};
		412B373722218DB20097C75B /* parameter1 */ = {
			isa = PBXGroup;
			children = (
				412B373B22218F330097C75B /* MaxSum.c */,
			);
			path = parameter1;
			sourceTree = "<group>";
		};
		412B373D2221946B0097C75B /* parameter2 */ = {
			isa = PBXGroup;
			children = (
				412B373E222196560097C75B /* LineStuctBySeq.c */,
				412B37402222589B0097C75B /* LineStructByLink.c */,
				412B37422222E71C0097C75B /* StackStructBySeq.c */,
				412B37442222EDF40097C75B /* StackSeqExample1.c */,
				412B37462222F1720097C75B /* StackStructByLink.c */,
			);
			path = parameter2;
			sourceTree = "<group>";
		};
/* End PBXGroup section */

/* Begin PBXNativeTarget section */
		412B372C22218D940097C75B /* DataStructure */ = {
			isa = PBXNativeTarget;
			buildConfigurationList = 412B373422218D940097C75B /* Build configuration list for PBXNativeTarget "DataStructure" */;
			buildPhases = (
				412B372922218D940097C75B /* Sources */,
				412B372A22218D940097C75B /* Frameworks */,
				412B372B22218D940097C75B /* CopyFiles */,
			);
			buildRules = (
			);
			dependencies = (
			);
			name = DataStructure;
			productName = DataStructure;
			productReference = 412B372D22218D940097C75B /* DataStructure */;
			productType = "com.apple.product-type.tool";
		};
/* End PBXNativeTarget section */

/* Begin PBXProject section */
		412B372522218D940097C75B /* Project object */ = {
			isa = PBXProject;
			attributes = {
				LastUpgradeCheck = 1010;
				ORGANIZATIONNAME = "范伟梅";
				TargetAttributes = {
					412B372C22218D940097C75B = {
						CreatedOnToolsVersion = 10.1;
					};
				};
			};
			buildConfigurationList = 412B372822218D940097C75B /* Build configuration list for PBXProject "DataStructure" */;
			compatibilityVersion = "Xcode 9.3";
			developmentRegion = en;
			hasScannedForEncodings = 0;
			knownRegions = (
				en,
			);
			mainGroup = 412B372422218D940097C75B;
			productRefGroup = 412B372E22218D940097C75B /* Products */;
			projectDirPath = "";
			projectRoot = "";
			targets = (
				412B372C22218D940097C75B /* DataStructure */,
			);
		};
/* End PBXProject section */

/* Begin PBXSourcesBuildPhase section */
		412B372922218D940097C75B /* Sources */ = {
			isa = PBXSourcesBuildPhase;
			buildActionMask = 2147483647;
			files = (
				412B37472222F1720097C75B /* StackStructByLink.c in Sources */,
			);
			runOnlyForDeploymentPostprocessing = 0;
		};
/* End PBXSourcesBuildPhase section */

/* Begin XCBuildConfiguration section */
		412B373222218D940097C75B /* Debug */ = {
			isa = XCBuildConfiguration;
			buildSettings = {
				ALWAYS_SEARCH_USER_PATHS = NO;
				CLANG_ANALYZER_NONNULL = YES;
				CLANG_ANALYZER_NUMBER_OBJECT_CONVERSION = YES_AGGRESSIVE;
				CLANG_CXX_LANGUAGE_STANDARD = "gnu++14";
				CLANG_CXX_LIBRARY = "libc++";
				CLANG_ENABLE_MODULES = YES;
				CLANG_ENABLE_OBJC_ARC = YES;
				CLANG_ENABLE_OBJC_WEAK = YES;
				CLANG_WARN_BLOCK_CAPTURE_AUTORELEASING = YES;
				CLANG_WARN_BOOL_CONVERSION = YES;
				CLANG_WARN_COMMA = YES;
				CLANG_WARN_CONSTANT_CONVERSION = YES;
				CLANG_WARN_DEPRECATED_OBJC_IMPLEMENTATIONS = YES;
				CLANG_WARN_DIRECT_OBJC_ISA_USAGE = YES_ERROR;
				CLANG_WARN_DOCUMENTATION_COMMENTS = YES;
				CLANG_WARN_EMPTY_BODY = YES;
				CLANG_WARN_ENUM_CONVERSION = YES;
				CLANG_WARN_INFINITE_RECURSION = YES;
				CLANG_WARN_INT_CONVERSION = YES;
				CLANG_WARN_NON_LITERAL_NULL_CONVERSION = YES;
				CLANG_WARN_OBJC_IMPLICIT_RETAIN_SELF = YES;
				CLANG_WARN_OBJC_LITERAL_CONVERSION = YES;
				CLANG_WARN_OBJC_ROOT_CLASS = YES_ERROR;
				CLANG_WARN_RANGE_LOOP_ANALYSIS = YES;
				CLANG_WARN_STRICT_PROTOTYPES = YES;
				CLANG_WARN_SUSPICIOUS_MOVE = YES;
				CLANG_WARN_UNGUARDED_AVAILABILITY = YES_AGGRESSIVE;
				CLANG_WARN_UNREACHABLE_CODE = YES;
				CLANG_WARN__DUPLICATE_METHOD_MATCH = YES;
				CODE_SIGN_IDENTITY = "-";
				COPY_PHASE_STRIP = NO;
				DEBUG_INFORMATION_FORMAT = dwarf;
				ENABLE_STRICT_OBJC_MSGSEND = YES;
				ENABLE_TESTABILITY = YES;
				GCC_C_LANGUAGE_STANDARD = gnu11;
				GCC_DYNAMIC_NO_PIC = NO;
				GCC_NO_COMMON_BLOCKS = YES;
				GCC_OPTIMIZATION_LEVEL = 0;
				GCC_PREPROCESSOR_DEFINITIONS = (
					"DEBUG=1",
					"$(inherited)",
				);
				GCC_WARN_64_TO_32_BIT_CONVERSION = YES;
				GCC_WARN_ABOUT_RETURN_TYPE = YES_ERROR;
				GCC_WARN_UNDECLARED_SELECTOR = YES;
				GCC_WARN_UNINITIALIZED_AUTOS = YES_AGGRESSIVE;
				GCC_WARN_UNUSED_FUNCTION = YES;
				GCC_WARN_UNUSED_VARIABLE = YES;
				MACOSX_DEPLOYMENT_TARGET = 10.14;
				MTL_ENABLE_DEBUG_INFO = INCLUDE_SOURCE;
				MTL_FAST_MATH = YES;
				ONLY_ACTIVE_ARCH = YES;
				SDKROOT = macosx;
			};
			name = Debug;
		};
		412B373322218D940097C75B /* Release */ = {
			isa = XCBuildConfiguration;
			buildSettings = {
				ALWAYS_SEARCH_USER_PATHS = NO;
				CLANG_ANALYZER_NONNULL = YES;
				CLANG_ANALYZER_NUMBER_OBJECT_CONVERSION = YES_AGGRESSIVE;
				CLANG_CXX_LANGUAGE_STANDARD = "gnu++14";
				CLANG_CXX_LIBRARY = "libc++";
				CLANG_ENABLE_MODULES = YES;
				CLANG_ENABLE_OBJC_ARC = YES;
				CLANG_ENABLE_OBJC_WEAK = YES;
				CLANG_WARN_BLOCK_CAPTURE_AUTORELEASING = YES;
				CLANG_WARN_BOOL_CONVERSION = YES;
				CLANG_WARN_COMMA = YES;
				CLANG_WARN_CONSTANT_CONVERSION = YES;
				CLANG_WARN_DEPRECATED_OBJC_IMPLEMENTATIONS = YES;
				CLANG_WARN_DIRECT_OBJC_ISA_USAGE = YES_ERROR;
				CLANG_WARN_DOCUMENTATION_COMMENTS = YES;
				CLANG_WARN_EMPTY_BODY = YES;
				CLANG_WARN_ENUM_CONVERSION = YES;
				CLANG_WARN_INFINITE_RECURSION = YES;
				CLANG_WARN_INT_CONVERSION = YES;
				CLANG_WARN_NON_LITERAL_NULL_CONVERSION = YES;
				CLANG_WARN_OBJC_IMPLICIT_RETAIN_SELF = YES;
				CLANG_WARN_OBJC_LITERAL_CONVERSION = YES;
				CLANG_WARN_OBJC_ROOT_CLASS = YES_ERROR;
				CLANG_WARN_RANGE_LOOP_ANALYSIS = YES;
				CLANG_WARN_STRICT_PROTOTYPES = YES;
				CLANG_WARN_SUSPICIOUS_MOVE = YES;
				CLANG_WARN_UNGUARDED_AVAILABILITY = YES_AGGRESSIVE;
				CLANG_WARN_UNREACHABLE_CODE = YES;
				CLANG_WARN__DUPLICATE_METHOD_MATCH = YES;
				CODE_SIGN_IDENTITY = "-";
				COPY_PHASE_STRIP = NO;
				DEBUG_INFORMATION_FORMAT = "dwarf-with-dsym";
				ENABLE_NS_ASSERTIONS = NO;
				ENABLE_STRICT_OBJC_MSGSEND = YES;
				GCC_C_LANGUAGE_STANDARD = gnu11;
				GCC_NO_COMMON_BLOCKS = YES;
				GCC_WARN_64_TO_32_BIT_CONVERSION = YES;
				GCC_WARN_ABOUT_RETURN_TYPE = YES_ERROR;
				GCC_WARN_UNDECLARED_SELECTOR = YES;
				GCC_WARN_UNINITIALIZED_AUTOS = YES_AGGRESSIVE;
				GCC_WARN_UNUSED_FUNCTION = YES;
				GCC_WARN_UNUSED_VARIABLE = YES;
				MACOSX_DEPLOYMENT_TARGET = 10.14;
				MTL_ENABLE_DEBUG_INFO = NO;
				MTL_FAST_MATH = YES;
				SDKROOT = macosx;
			};
			name = Release;
		};
		412B373522218D940097C75B /* Debug */ = {
			isa = XCBuildConfiguration;
			buildSettings = {
				CODE_SIGN_STYLE = Automatic;
				PRODUCT_NAME = "$(TARGET_NAME)";
			};
			name = Debug;
		};
		412B373622218D940097C75B /* Release */ = {
			isa = XCBuildConfiguration;
			buildSettings = {
				CODE_SIGN_STYLE = Automatic;
				PRODUCT_NAME = "$(TARGET_NAME)";
			};
			name = Release;
		};
/* End XCBuildConfiguration section */

/* Begin XCConfigurationList section */
		412B372822218D940097C75B /* Build configuration list for PBXProject "DataStructure" */ = {
			isa = XCConfigurationList;
			buildConfigurations = (
				412B373222218D940097C75B /* Debug */,
				412B373322218D940097C75B /* Release */,
			);
			defaultConfigurationIsVisible = 0;
			defaultConfigurationName = Release;
		};
		412B373422218D940097C75B /* Build configuration list for PBXNativeTarget "DataStructure" */ = {
			isa = XCConfigurationList;
			buildConfigurations = (
				412B373522218D940097C75B /* Debug */,
				412B373622218D940097C75B /* Release */,
			);
			defaultConfigurationIsVisible = 0;
			defaultConfigurationName = Release;
		};
/* End XCConfigurationList section */
	};
	rootObject = 412B372522218D940097C75B /* Project object */;
}
